
Microsoft Visual Studio Solution File, Format Version 12.00
# Visual Studio Version 17
VisualStudioVersion = 17.0.32112.339
MinimumVisualStudioVersion = 10.0.40219.1
Project("{FAE04EC0-301F-11D3-BF4B-00C04F79EFBC}") = "PIA_BACK-END", "PIA_BACK-END\PIA_BACK-END.csproj", "{D9004ECF-1C3A-4FE5-8C83-6E67551F0661}"
EndProject
Global
	GlobalSection(SolutionConfigurationPlatforms) = preSolution
		Debug|Any CPU = Debug|Any CPU
		Release|Any CPU = Release|Any CPU
	EndGlobalSection
	GlobalSection(ProjectConfigurationPlatforms) = postSolution
		{D9004ECF-1C3A-4FE5-8C83-6E67551F0661}.Debug|Any CPU.ActiveCfg = Debug|Any CPU
		{D9004ECF-1C3A-4FE5-8C83-6E67551F0661}.Debug|Any CPU.Build.0 = Debug|Any CPU
		{D9004ECF-1C3A-4FE5-8C83-6E67551F0661}.Release|Any CPU.ActiveCfg = Release|Any CPU
		{D9004ECF-1C3A-4FE5-8C83-6E67551F0661}.Release|Any CPU.Build.0 = Release|Any CPU
	EndGlobalSection
	GlobalSection(SolutionProperties) = preSolution
		HideSolutionNode = FALSE
	EndGlobalSection
	GlobalSection(ExtensibilityGlobals) = postSolution
		SolutionGuid = {A89B33C9-8DA7-4C9B-91B4-4B65C33FC17F}
	EndGlobalSection
EndGlobal
